
Microsoft Visual Studio Solution File, Format Version 12.00
# Visual Studio Version 17
VisualStudioVersion = 17.1.32328.378
MinimumVisualStudioVersion = 10.0.40219.1
Project("{FAE04EC0-301F-11D3-BF4B-00C04F79EFBC}") = "Enum Nedir ve Nasıl Kullanılır", "Enum Nedir ve Nasıl Kullanılır\Enum Nedir ve Nasıl Kullanılır.csproj", "{02418924-7AFE-46AB-B859-39333B98DC8A}"
EndProject
Global
	GlobalSection(SolutionConfigurationPlatforms) = preSolution
		Debug|Any CPU = Debug|Any CPU
		Release|Any CPU = Release|Any CPU
	EndGlobalSection
	GlobalSection(ProjectConfigurationPlatforms) = postSolution
		{02418924-7AFE-46AB-B859-39333B98DC8A}.Debug|Any CPU.ActiveCfg = Debug|Any CPU
		{02418924-7AFE-46AB-B859-39333B98DC8A}.Debug|Any CPU.Build.0 = Debug|Any CPU
		{02418924-7AFE-46AB-B859-39333B98DC8A}.Release|Any CPU.ActiveCfg = Release|Any CPU
		{02418924-7AFE-46AB-B859-39333B98DC8A}.Release|Any CPU.Build.0 = Release|Any CPU
	EndGlobalSection
	GlobalSection(SolutionProperties) = preSolution
		HideSolutionNode = FALSE
	EndGlobalSection
	GlobalSection(ExtensibilityGlobals) = postSolution
		SolutionGuid = {A007EC3F-7359-4DEE-A5B4-EEFB9A7E145D}
	EndGlobalSection
EndGlobal
